// !$*UTF8*$!
{
	archiveVersion = 1;
	classes = {
	};
	objectVersion = 46;
	objects = {

/* Begin PBXBuildFile section */
		94BC25B81814B14F00DBCC4A /* Default.png in Resources */ = {isa = PBXBuildFile; fileRef = 94BC25B61814B14F00DBCC4A /* Default.png */; };
		94BC25B91814B14F00DBCC4A /* 111Default@2x.png in Resources */ = {isa = PBXBuildFile; fileRef = 94BC25B71814B14F00DBCC4A /* 111Default@2x.png */; };
		94BC25BB1814B4EA00DBCC4A /* Default@2x.png in Resources */ = {isa = PBXBuildFile; fileRef = 94BC25BA1814B4EA00DBCC4A /* Default@2x.png */; };
		94C51F2C17FB3BC500D3D7B5 /* TZCheckInViewController.m in Sources */ = {isa = PBXBuildFile; fileRef = 94C51F2B17FB3BC500D3D7B5 /* TZCheckInViewController.m */; };
		94C51F2F17FB407500D3D7B5 /* TZEditCardViewController.m in Sources */ = {isa = PBXBuildFile; fileRef = 94C51F2E17FB407500D3D7B5 /* TZEditCardViewController.m */; };
		94C51F3117FB4C3000D3D7B5 /* MapKit.framework in Frameworks */ = {isa = PBXBuildFile; fileRef = 94C51F3017FB4C3000D3D7B5 /* MapKit.framework */; };
		94D2754817F13DCF00D56D3C /* Foundation.framework in Frameworks */ = {isa = PBXBuildFile; fileRef = 94D2754717F13DCF00D56D3C /* Foundation.framework */; };
		94D2754A17F13DCF00D56D3C /* CoreGraphics.framework in Frameworks */ = {isa = PBXBuildFile; fileRef = 94D2754917F13DCF00D56D3C /* CoreGraphics.framework */; };
		94D2754C17F13DCF00D56D3C /* UIKit.framework in Frameworks */ = {isa = PBXBuildFile; fileRef = 94D2754B17F13DCF00D56D3C /* UIKit.framework */; };
		94D2755217F13DCF00D56D3C /* InfoPlist.strings in Resources */ = {isa = PBXBuildFile; fileRef = 94D2755017F13DCF00D56D3C /* InfoPlist.strings */; };
		94D2755417F13DCF00D56D3C /* main.m in Sources */ = {isa = PBXBuildFile; fileRef = 94D2755317F13DCF00D56D3C /* main.m */; };
		94D2755817F13DCF00D56D3C /* TZAppDelegate.m in Sources */ = {isa = PBXBuildFile; fileRef = 94D2755717F13DCF00D56D3C /* TZAppDelegate.m */; };
		94D2755B17F13DCF00D56D3C /* Main.storyboard in Resources */ = {isa = PBXBuildFile; fileRef = 94D2755917F13DCF00D56D3C /* Main.storyboard */; };
		94D2755E17F13DCF00D56D3C /* TZViewController.m in Sources */ = {isa = PBXBuildFile; fileRef = 94D2755D17F13DCF00D56D3C /* TZViewController.m */; };
		94D2756017F13DCF00D56D3C /* Images.xcassets in Resources */ = {isa = PBXBuildFile; fileRef = 94D2755F17F13DCF00D56D3C /* Images.xcassets */; };
		94D2756717F13DCF00D56D3C /* XCTest.framework in Frameworks */ = {isa = PBXBuildFile; fileRef = 94D2756617F13DCF00D56D3C /* XCTest.framework */; };
		94D2756817F13DCF00D56D3C /* Foundation.framework in Frameworks */ = {isa = PBXBuildFile; fileRef = 94D2754717F13DCF00D56D3C /* Foundation.framework */; };
		94D2756917F13DCF00D56D3C /* UIKit.framework in Frameworks */ = {isa = PBXBuildFile; fileRef = 94D2754B17F13DCF00D56D3C /* UIKit.framework */; };
		94D2757117F13DCF00D56D3C /* InfoPlist.strings in Resources */ = {isa = PBXBuildFile; fileRef = 94D2756F17F13DCF00D56D3C /* InfoPlist.strings */; };
		94D2757317F13DCF00D56D3C /* CardMinderTests.m in Sources */ = {isa = PBXBuildFile; fileRef = 94D2757217F13DCF00D56D3C /* CardMinderTests.m */; };
		94D2758117F209EA00D56D3C /* CardViewController.m in Sources */ = {isa = PBXBuildFile; fileRef = 94D2758017F209EA00D56D3C /* CardViewController.m */; };
		94D2758417F20C4100D56D3C /* CardData.m in Sources */ = {isa = PBXBuildFile; fileRef = 94D2758317F20C4100D56D3C /* CardData.m */; };
		94D2758A17F22DC400D56D3C /* visa1.png in Resources */ = {isa = PBXBuildFile; fileRef = 94D2758917F22DC400D56D3C /* visa1.png */; };
		94D2758F17F22F7C00D56D3C /* discover.png in Resources */ = {isa = PBXBuildFile; fileRef = 94D2758D17F22F7C00D56D3C /* discover.png */; };
		94D2759017F22F7C00D56D3C /* mastercard.png in Resources */ = {isa = PBXBuildFile; fileRef = 94D2758E17F22F7C00D56D3C /* mastercard.png */; };
		94D2759417F359F000D56D3C /* TZAddCardViewController.m in Sources */ = {isa = PBXBuildFile; fileRef = 94D2759317F359F000D56D3C /* TZAddCardViewController.m */; };
		94F0E2CC17FA04AF000EBC8F /* checkmark.png in Resources */ = {isa = PBXBuildFile; fileRef = 94F0E2CB17FA04AF000EBC8F /* checkmark.png */; };
		94F0E2CF17FA6605000EBC8F /* TZCheckOutViewController.m in Sources */ = {isa = PBXBuildFile; fileRef = 94F0E2CE17FA6605000EBC8F /* TZCheckOutViewController.m */; };
		94FB129317FCAAFF0028E893 /* CardDoc.m in Sources */ = {isa = PBXBuildFile; fileRef = 94FB129217FCAAFF0028E893 /* CardDoc.m */; };
		94FB129617FCAB230028E893 /* CardDatabase.m in Sources */ = {isa = PBXBuildFile; fileRef = 94FB129517FCAB230028E893 /* CardDatabase.m */; };
		94FE61A217F640020068C4CD /* TZIconCollectionViewController.m in Sources */ = {isa = PBXBuildFile; fileRef = 94FE61A117F640020068C4CD /* TZIconCollectionViewController.m */; };
		94FE61A617F8C9830068C4CD /* TZIconTableViewController.m in Sources */ = {isa = PBXBuildFile; fileRef = 94FE61A517F8C9830068C4CD /* TZIconTableViewController.m */; };
		94FE61A917F8D0D40068C4CD /* Icon.m in Sources */ = {isa = PBXBuildFile; fileRef = 94FE61A817F8D0D40068C4CD /* Icon.m */; };
/* End PBXBuildFile section */

/* Begin PBXContainerItemProxy section */
		94D2756A17F13DCF00D56D3C /* PBXContainerItemProxy */ = {
			isa = PBXContainerItemProxy;
			containerPortal = 94D2753C17F13DCF00D56D3C /* Project object */;
			proxyType = 1;
			remoteGlobalIDString = 94D2754317F13DCF00D56D3C;
			remoteInfo = CardMinder;
		};
/* End PBXContainerItemProxy section */

/* Begin PBXFileReference section */
		94BC25B61814B14F00DBCC4A /* Default.png */ = {isa = PBXFileReference; lastKnownFileType = image.png; name = Default.png; path = ../../Pictures/Default.png; sourceTree = "<group>"; };
		94BC25B71814B14F00DBCC4A /* 111Default@2x.png */ = {isa = PBXFileReference; lastKnownFileType = image.png; name = "111Default@2x.png"; path = "../../../Pictures/111Default@2x.png"; sourceTree = "<group>"; };
		94BC25BA1814B4EA00DBCC4A /* Default@2x.png */ = {isa = PBXFileReference; lastKnownFileType = image.png; name = "Default@2x.png"; path = "../../Pictures/Default@2x.png"; sourceTree = "<group>"; };
		94C51F2A17FB3BC500D3D7B5 /* TZCheckInViewController.h */ = {isa = PBXFileReference; fileEncoding = 4; lastKnownFileType = sourcecode.c.h; path = TZCheckInViewController.h; sourceTree = "<group>"; };
		94C51F2B17FB3BC500D3D7B5 /* TZCheckInViewController.m */ = {isa = PBXFileReference; fileEncoding = 4; lastKnownFileType = sourcecode.c.objc; path = TZCheckInViewController.m; sourceTree = "<group>"; };
		94C51F2D17FB407500D3D7B5 /* TZEditCardViewController.h */ = {isa = PBXFileReference; fileEncoding = 4; lastKnownFileType = sourcecode.c.h; path = TZEditCardViewController.h; sourceTree = "<group>"; };
		94C51F2E17FB407500D3D7B5 /* TZEditCardViewController.m */ = {isa = PBXFileReference; fileEncoding = 4; lastKnownFileType = sourcecode.c.objc; path = TZEditCardViewController.m; sourceTree = "<group>"; };
		94C51F3017FB4C3000D3D7B5 /* MapKit.framework */ = {isa = PBXFileReference; lastKnownFileType = wrapper.framework; name = MapKit.framework; path = System/Library/Frameworks/MapKit.framework; sourceTree = SDKROOT; };
		94D2754417F13DCF00D56D3C /* CardMinder.app */ = {isa = PBXFileReference; explicitFileType = wrapper.application; includeInIndex = 0; path = CardMinder.app; sourceTree = BUILT_PRODUCTS_DIR; };
		94D2754717F13DCF00D56D3C /* Foundation.framework */ = {isa = PBXFileReference; lastKnownFileType = wrapper.framework; name = Foundation.framework; path = System/Library/Frameworks/Foundation.framework; sourceTree = SDKROOT; };
		94D2754917F13DCF00D56D3C /* CoreGraphics.framework */ = {isa = PBXFileReference; lastKnownFileType = wrapper.framework; name = CoreGraphics.framework; path = System/Library/Frameworks/CoreGraphics.framework; sourceTree = SDKROOT; };
		94D2754B17F13DCF00D56D3C /* UIKit.framework */ = {isa = PBXFileReference; lastKnownFileType = wrapper.framework; name = UIKit.framework; path = System/Library/Frameworks/UIKit.framework; sourceTree = SDKROOT; };
		94D2754F17F13DCF00D56D3C /* CardMinder-Info.plist */ = {isa = PBXFileReference; lastKnownFileType = text.plist.xml; path = "CardMinder-Info.plist"; sourceTree = "<group>"; };
		94D2755117F13DCF00D56D3C /* en */ = {isa = PBXFileReference; lastKnownFileType = text.plist.strings; name = en; path = en.lproj/InfoPlist.strings; sourceTree = "<group>"; };
		94D2755317F13DCF00D56D3C /* main.m */ = {isa = PBXFileReference; lastKnownFileType = sourcecode.c.objc; path = main.m; sourceTree = "<group>"; };
		94D2755517F13DCF00D56D3C /* CardMinder-Prefix.pch */ = {isa = PBXFileReference; lastKnownFileType = sourcecode.c.h; path = "CardMinder-Prefix.pch"; sourceTree = "<group>"; };
		94D2755617F13DCF00D56D3C /* TZAppDelegate.h */ = {isa = PBXFileReference; lastKnownFileType = sourcecode.c.h; path = TZAppDelegate.h; sourceTree = "<group>"; };
		94D2755717F13DCF00D56D3C /* TZAppDelegate.m */ = {isa = PBXFileReference; lastKnownFileType = sourcecode.c.objc; path = TZAppDelegate.m; sourceTree = "<group>"; };
		94D2755A17F13DCF00D56D3C /* Base */ = {isa = PBXFileReference; lastKnownFileType = file.storyboard; name = Base; path = Base.lproj/Main.storyboard; sourceTree = "<group>"; };
		94D2755C17F13DCF00D56D3C /* TZViewController.h */ = {isa = PBXFileReference; lastKnownFileType = sourcecode.c.h; path = TZViewController.h; sourceTree = "<group>"; };
		94D2755D17F13DCF00D56D3C /* TZViewController.m */ = {isa = PBXFileReference; lastKnownFileType = sourcecode.c.objc; path = TZViewController.m; sourceTree = "<group>"; };
		94D2755F17F13DCF00D56D3C /* Images.xcassets */ = {isa = PBXFileReference; lastKnownFileType = folder.assetcatalog; path = Images.xcassets; sourceTree = "<group>"; };
		94D2756517F13DCF00D56D3C /* CardMinderTests.xctest */ = {isa = PBXFileReference; explicitFileType = wrapper.cfbundle; includeInIndex = 0; path = CardMinderTests.xctest; sourceTree = BUILT_PRODUCTS_DIR; };
		94D2756617F13DCF00D56D3C /* XCTest.framework */ = {isa = PBXFileReference; lastKnownFileType = wrapper.framework; name = XCTest.framework; path = Library/Frameworks/XCTest.framework; sourceTree = DEVELOPER_DIR; };
		94D2756E17F13DCF00D56D3C /* CardMinderTests-Info.plist */ = {isa = PBXFileReference; lastKnownFileType = text.plist.xml; path = "CardMinderTests-Info.plist"; sourceTree = "<group>"; };
		94D2757017F13DCF00D56D3C /* en */ = {isa = PBXFileReference; lastKnownFileType = text.plist.strings; name = en; path = en.lproj/InfoPlist.strings; sourceTree = "<group>"; };
		94D2757217F13DCF00D56D3C /* CardMinderTests.m */ = {isa = PBXFileReference; lastKnownFileType = sourcecode.c.objc; path = CardMinderTests.m; sourceTree = "<group>"; };
		94D2757F17F209EA00D56D3C /* CardViewController.h */ = {isa = PBXFileReference; fileEncoding = 4; lastKnownFileType = sourcecode.c.h; name = CardViewController.h; path = ../CardViewController.h; sourceTree = "<group>"; };
		94D2758017F209EA00D56D3C /* CardViewController.m */ = {isa = PBXFileReference; fileEncoding = 4; lastKnownFileType = sourcecode.c.objc; name = CardViewController.m; path = ../CardViewController.m; sourceTree = "<group>"; };
		94D2758217F20C4100D56D3C /* CardData.h */ = {isa = PBXFileReference; fileEncoding = 4; lastKnownFileType = sourcecode.c.h; path = CardData.h; sourceTree = "<group>"; };
		94D2758317F20C4100D56D3C /* CardData.m */ = {isa = PBXFileReference; fileEncoding = 4; lastKnownFileType = sourcecode.c.objc; path = CardData.m; sourceTree = "<group>"; };
		94D2758917F22DC400D56D3C /* visa1.png */ = {isa = PBXFileReference; lastKnownFileType = image.png; path = visa1.png; sourceTree = "<group>"; };
		94D2758D17F22F7C00D56D3C /* discover.png */ = {isa = PBXFileReference; lastKnownFileType = image.png; path = discover.png; sourceTree = "<group>"; };
		94D2758E17F22F7C00D56D3C /* mastercard.png */ = {isa = PBXFileReference; lastKnownFileType = image.png; path = mastercard.png; sourceTree = "<group>"; };
		94D2759217F359F000D56D3C /* TZAddCardViewController.h */ = {isa = PBXFileReference; fileEncoding = 4; lastKnownFileType = sourcecode.c.h; path = TZAddCardViewController.h; sourceTree = "<group>"; };
		94D2759317F359F000D56D3C /* TZAddCardViewController.m */ = {isa = PBXFileReference; fileEncoding = 4; lastKnownFileType = sourcecode.c.objc; path = TZAddCardViewController.m; sourceTree = "<group>"; };
		94F0E2CB17FA04AF000EBC8F /* checkmark.png */ = {isa = PBXFileReference; lastKnownFileType = image.png; path = checkmark.png; sourceTree = "<group>"; };
		94F0E2CD17FA6605000EBC8F /* TZCheckOutViewController.h */ = {isa = PBXFileReference; fileEncoding = 4; lastKnownFileType = sourcecode.c.h; path = TZCheckOutViewController.h; sourceTree = "<group>"; };
		94F0E2CE17FA6605000EBC8F /* TZCheckOutViewController.m */ = {isa = PBXFileReference; fileEncoding = 4; lastKnownFileType = sourcecode.c.objc; path = TZCheckOutViewController.m; sourceTree = "<group>"; };
		94FB129117FCAAFF0028E893 /* CardDoc.h */ = {isa = PBXFileReference; fileEncoding = 4; lastKnownFileType = sourcecode.c.h; path = CardDoc.h; sourceTree = "<group>"; };
		94FB129217FCAAFF0028E893 /* CardDoc.m */ = {isa = PBXFileReference; fileEncoding = 4; lastKnownFileType = sourcecode.c.objc; path = CardDoc.m; sourceTree = "<group>"; };
		94FB129417FCAB230028E893 /* CardDatabase.h */ = {isa = PBXFileReference; fileEncoding = 4; lastKnownFileType = sourcecode.c.h; path = CardDatabase.h; sourceTree = "<group>"; };
		94FB129517FCAB230028E893 /* CardDatabase.m */ = {isa = PBXFileReference; fileEncoding = 4; lastKnownFileType = sourcecode.c.objc; path = CardDatabase.m; sourceTree = "<group>"; };
		94FE61A017F640020068C4CD /* TZIconCollectionViewController.h */ = {isa = PBXFileReference; fileEncoding = 4; lastKnownFileType = sourcecode.c.h; path = TZIconCollectionViewController.h; sourceTree = "<group>"; };
		94FE61A117F640020068C4CD /* TZIconCollectionViewController.m */ = {isa = PBXFileReference; fileEncoding = 4; lastKnownFileType = sourcecode.c.objc; path = TZIconCollectionViewController.m; sourceTree = "<group>"; };
		94FE61A417F8C9830068C4CD /* TZIconTableViewController.h */ = {isa = PBXFileReference; fileEncoding = 4; lastKnownFileType = sourcecode.c.h; path = TZIconTableViewController.h; sourceTree = "<group>"; };
		94FE61A517F8C9830068C4CD /* TZIconTableViewController.m */ = {isa = PBXFileReference; fileEncoding = 4; lastKnownFileType = sourcecode.c.objc; path = TZIconTableViewController.m; sourceTree = "<group>"; };
		94FE61A717F8D0D40068C4CD /* Icon.h */ = {isa = PBXFileReference; fileEncoding = 4; lastKnownFileType = sourcecode.c.h; path = Icon.h; sourceTree = "<group>"; };
		94FE61A817F8D0D40068C4CD /* Icon.m */ = {isa = PBXFileReference; fileEncoding = 4; lastKnownFileType = sourcecode.c.objc; path = Icon.m; sourceTree = "<group>"; };
/* End PBXFileReference section */

/* Begin PBXFrameworksBuildPhase section */
		94D2754117F13DCF00D56D3C /* Frameworks */ = {
			isa = PBXFrameworksBuildPhase;
			buildActionMask = 2147483647;
			files = (
				94C51F3117FB4C3000D3D7B5 /* MapKit.framework in Frameworks */,
				94D2754A17F13DCF00D56D3C /* CoreGraphics.framework in Frameworks */,
				94D2754C17F13DCF00D56D3C /* UIKit.framework in Frameworks */,
				94D2754817F13DCF00D56D3C /* Foundation.framework in Frameworks */,
			);
			runOnlyForDeploymentPostprocessing = 0;
		};
		94D2756217F13DCF00D56D3C /* Frameworks */ = {
			isa = PBXFrameworksBuildPhase;
			buildActionMask = 2147483647;
			files = (
				94D2756717F13DCF00D56D3C /* XCTest.framework in Frameworks */,
				94D2756917F13DCF00D56D3C /* UIKit.framework in Frameworks */,
				94D2756817F13DCF00D56D3C /* Foundation.framework in Frameworks */,
			);
			runOnlyForDeploymentPostprocessing = 0;
		};
/* End PBXFrameworksBuildPhase section */

/* Begin PBXGroup section */
		94D2753B17F13DCF00D56D3C = {
			isa = PBXGroup;
			children = (
				94BC25B61814B14F00DBCC4A /* Default.png */,
				94BC25BA1814B4EA00DBCC4A /* Default@2x.png */,
				94D2754D17F13DCF00D56D3C /* CardMinder */,
				94D2756C17F13DCF00D56D3C /* CardMinderTests */,
				94D2754617F13DCF00D56D3C /* Frameworks */,
				94D2754517F13DCF00D56D3C /* Products */,
			);
			sourceTree = "<group>";
		};
		94D2754517F13DCF00D56D3C /* Products */ = {
			isa = PBXGroup;
			children = (
				94D2754417F13DCF00D56D3C /* CardMinder.app */,
				94D2756517F13DCF00D56D3C /* CardMinderTests.xctest */,
			);
			name = Products;
			sourceTree = "<group>";
		};
		94D2754617F13DCF00D56D3C /* Frameworks */ = {
			isa = PBXGroup;
			children = (
				94C51F3017FB4C3000D3D7B5 /* MapKit.framework */,
				94D2754717F13DCF00D56D3C /* Foundation.framework */,
				94D2754917F13DCF00D56D3C /* CoreGraphics.framework */,
				94D2754B17F13DCF00D56D3C /* UIKit.framework */,
				94D2756617F13DCF00D56D3C /* XCTest.framework */,
			);
			name = Frameworks;
			sourceTree = "<group>";
		};
		94D2754D17F13DCF00D56D3C /* CardMinder */ = {
			isa = PBXGroup;
			children = (
				94FE61A317F8C9320068C4CD /* Classes written, not used */,
				94D2759117F356FA00D56D3C /* images */,
				94D2758D17F22F7C00D56D3C /* discover.png */,
				94F0E2CB17FA04AF000EBC8F /* checkmark.png */,
				94BC25B71814B14F00DBCC4A /* 111Default@2x.png */,
				94D2758E17F22F7C00D56D3C /* mastercard.png */,
				94D2758917F22DC400D56D3C /* visa1.png */,
				94D2755917F13DCF00D56D3C /* Main.storyboard */,
				94FE61A717F8D0D40068C4CD /* Icon.h */,
				94FE61A817F8D0D40068C4CD /* Icon.m */,
				94D2758217F20C4100D56D3C /* CardData.h */,
				94D2758317F20C4100D56D3C /* CardData.m */,
				94FB129117FCAAFF0028E893 /* CardDoc.h */,
				94FB129217FCAAFF0028E893 /* CardDoc.m */,
				94FB129417FCAB230028E893 /* CardDatabase.h */,
				94FB129517FCAB230028E893 /* CardDatabase.m */,
				94FE61A417F8C9830068C4CD /* TZIconTableViewController.h */,
				94FE61A517F8C9830068C4CD /* TZIconTableViewController.m */,
				94F0E2CD17FA6605000EBC8F /* TZCheckOutViewController.h */,
				94F0E2CE17FA6605000EBC8F /* TZCheckOutViewController.m */,
				94C51F2A17FB3BC500D3D7B5 /* TZCheckInViewController.h */,
				94C51F2B17FB3BC500D3D7B5 /* TZCheckInViewController.m */,
				94C51F2D17FB407500D3D7B5 /* TZEditCardViewController.h */,
				94C51F2E17FB407500D3D7B5 /* TZEditCardViewController.m */,
				94D2759217F359F000D56D3C /* TZAddCardViewController.h */,
				94D2759317F359F000D56D3C /* TZAddCardViewController.m */,
				94D2757F17F209EA00D56D3C /* CardViewController.h */,
				94D2758017F209EA00D56D3C /* CardViewController.m */,
				94D2755617F13DCF00D56D3C /* TZAppDelegate.h */,
				94D2755717F13DCF00D56D3C /* TZAppDelegate.m */,
				94D2755C17F13DCF00D56D3C /* TZViewController.h */,
				94D2755D17F13DCF00D56D3C /* TZViewController.m */,
				94D2755F17F13DCF00D56D3C /* Images.xcassets */,
				94D2754E17F13DCF00D56D3C /* Supporting Files */,
			);
			path = CardMinder;
			sourceTree = "<group>";
		};
		94D2754E17F13DCF00D56D3C /* Supporting Files */ = {
			isa = PBXGroup;
			children = (
				94D2754F17F13DCF00D56D3C /* CardMinder-Info.plist */,
				94D2755017F13DCF00D56D3C /* InfoPlist.strings */,
				94D2755317F13DCF00D56D3C /* main.m */,
				94D2755517F13DCF00D56D3C /* CardMinder-Prefix.pch */,
			);
			name = "Supporting Files";
			sourceTree = "<group>";
		};
		94D2756C17F13DCF00D56D3C /* CardMinderTests */ = {
			isa = PBXGroup;
			children = (
				94D2757217F13DCF00D56D3C /* CardMinderTests.m */,
				94D2756D17F13DCF00D56D3C /* Supporting Files */,
			);
			path = CardMinderTests;
			sourceTree = "<group>";
		};
		94D2756D17F13DCF00D56D3C /* Supporting Files */ = {
			isa = PBXGroup;
			children = (
				94D2756E17F13DCF00D56D3C /* CardMinderTests-Info.plist */,
				94D2756F17F13DCF00D56D3C /* InfoPlist.strings */,
			);
			name = "Supporting Files";
			sourceTree = "<group>";
		};
		94D2759117F356FA00D56D3C /* images */ = {
			isa = PBXGroup;
			children = (
			);
			name = images;
			sourceTree = "<group>";
		};
		94FE61A317F8C9320068C4CD /* Classes written, not used */ = {
			isa = PBXGroup;
			children = (
				94FE61A017F640020068C4CD /* TZIconCollectionViewController.h */,
				94FE61A117F640020068C4CD /* TZIconCollectionViewController.m */,
			);
			name = "Classes written, not used";
			sourceTree = "<group>";
		};
/* End PBXGroup section */

/* Begin PBXNativeTarget section */
		94D2754317F13DCF00D56D3C /* CardMinder */ = {
			isa = PBXNativeTarget;
			buildConfigurationList = 94D2757617F13DCF00D56D3C /* Build configuration list for PBXNativeTarget "CardMinder" */;
			buildPhases = (
				94D2754017F13DCF00D56D3C /* Sources */,
				94D2754117F13DCF00D56D3C /* Frameworks */,
				94D2754217F13DCF00D56D3C /* Resources */,
			);
			buildRules = (
			);
			dependencies = (
			);
			name = CardMinder;
			productName = CardMinder;
			productReference = 94D2754417F13DCF00D56D3C /* CardMinder.app */;
			productType = "com.apple.product-type.application";
		};
		94D2756417F13DCF00D56D3C /* CardMinderTests */ = {
			isa = PBXNativeTarget;
			buildConfigurationList = 94D2757917F13DCF00D56D3C /* Build configuration list for PBXNativeTarget "CardMinderTests" */;
			buildPhases = (
				94D2756117F13DCF00D56D3C /* Sources */,
				94D2756217F13DCF00D56D3C /* Frameworks */,
				94D2756317F13DCF00D56D3C /* Resources */,
			);
			buildRules = (
			);
			dependencies = (
				94D2756B17F13DCF00D56D3C /* PBXTargetDependency */,
			);
			name = CardMinderTests;
			productName = CardMinderTests;
			productReference = 94D2756517F13DCF00D56D3C /* CardMinderTests.xctest */;
			productType = "com.apple.product-type.bundle.unit-test";
		};
/* End PBXNativeTarget section */

/* Begin PBXProject section */
		94D2753C17F13DCF00D56D3C /* Project object */ = {
			isa = PBXProject;
			attributes = {
				CLASSPREFIX = TZ;
				LastUpgradeCheck = 0500;
				ORGANIZATIONNAME = Burnspur;
				TargetAttributes = {
					94D2756417F13DCF00D56D3C = {
						TestTargetID = 94D2754317F13DCF00D56D3C;
					};
				};
			};
			buildConfigurationList = 94D2753F17F13DCF00D56D3C /* Build configuration list for PBXProject "CardMinder" */;
			compatibilityVersion = "Xcode 3.2";
			developmentRegion = English;
			hasScannedForEncodings = 0;
			knownRegions = (
				en,
				Base,
			);
			mainGroup = 94D2753B17F13DCF00D56D3C;
			productRefGroup = 94D2754517F13DCF00D56D3C /* Products */;
			projectDirPath = "";
			projectRoot = "";
			targets = (
				94D2754317F13DCF00D56D3C /* CardMinder */,
				94D2756417F13DCF00D56D3C /* CardMinderTests */,
			);
		};
/* End PBXProject section */

/* Begin PBXResourcesBuildPhase section */
		94D2754217F13DCF00D56D3C /* Resources */ = {
			isa = PBXResourcesBuildPhase;
			buildActionMask = 2147483647;
			files = (
				94D2756017F13DCF00D56D3C /* Images.xcassets in Resources */,
				94D2755217F13DCF00D56D3C /* InfoPlist.strings in Resources */,
				94D2758A17F22DC400D56D3C /* visa1.png in Resources */,
				94BC25B91814B14F00DBCC4A /* 111Default@2x.png in Resources */,
				94BC25BB1814B4EA00DBCC4A /* Default@2x.png in Resources */,
				94BC25B81814B14F00DBCC4A /* Default.png in Resources */,
				94F0E2CC17FA04AF000EBC8F /* checkmark.png in Resources */,
				94D2759017F22F7C00D56D3C /* mastercard.png in Resources */,
				94D2758F17F22F7C00D56D3C /* discover.png in Resources */,
				94D2755B17F13DCF00D56D3C /* Main.storyboard in Resources */,
			);
			runOnlyForDeploymentPostprocessing = 0;
		};
		94D2756317F13DCF00D56D3C /* Resources */ = {
			isa = PBXResourcesBuildPhase;
			buildActionMask = 2147483647;
			files = (
				94D2757117F13DCF00D56D3C /* InfoPlist.strings in Resources */,
			);
			runOnlyForDeploymentPostprocessing = 0;
		};
/* End PBXResourcesBuildPhase section */

/* Begin PBXSourcesBuildPhase section */
		94D2754017F13DCF00D56D3C /* Sources */ = {
			isa = PBXSourcesBuildPhase;
			buildActionMask = 2147483647;
			files = (
				94FE61A917F8D0D40068C4CD /* Icon.m in Sources */,
				94D2758417F20C4100D56D3C /* CardData.m in Sources */,
				94D2758117F209EA00D56D3C /* CardViewController.m in Sources */,
				94FE61A217F640020068C4CD /* TZIconCollectionViewController.m in Sources */,
				94FB129617FCAB230028E893 /* CardDatabase.m in Sources */,
				94F0E2CF17FA6605000EBC8F /* TZCheckOutViewController.m in Sources */,
				94D2759417F359F000D56D3C /* TZAddCardViewController.m in Sources */,
				94C51F2F17FB407500D3D7B5 /* TZEditCardViewController.m in Sources */,
				94FE61A617F8C9830068C4CD /* TZIconTableViewController.m in Sources */,
				94C51F2C17FB3BC500D3D7B5 /* TZCheckInViewController.m in Sources */,
				94D2755817F13DCF00D56D3C /* TZAppDelegate.m in Sources */,
				94D2755417F13DCF00D56D3C /* main.m in Sources */,
				94D2755E17F13DCF00D56D3C /* TZViewController.m in Sources */,
				94FB129317FCAAFF0028E893 /* CardDoc.m in Sources */,
			);
			runOnlyForDeploymentPostprocessing = 0;
		};
		94D2756117F13DCF00D56D3C /* Sources */ = {
			isa = PBXSourcesBuildPhase;
			buildActionMask = 2147483647;
			files = (
				94D2757317F13DCF00D56D3C /* CardMinderTests.m in Sources */,
			);
			runOnlyForDeploymentPostprocessing = 0;
		};
/* End PBXSourcesBuildPhase section */

/* Begin PBXTargetDependency section */
		94D2756B17F13DCF00D56D3C /* PBXTargetDependency */ = {
			isa = PBXTargetDependency;
			target = 94D2754317F13DCF00D56D3C /* CardMinder */;
			targetProxy = 94D2756A17F13DCF00D56D3C /* PBXContainerItemProxy */;
		};
/* End PBXTargetDependency section */

/* Begin PBXVariantGroup section */
		94D2755017F13DCF00D56D3C /* InfoPlist.strings */ = {
			isa = PBXVariantGroup;
			children = (
				94D2755117F13DCF00D56D3C /* en */,
			);
			name = InfoPlist.strings;
			sourceTree = "<group>";
		};
		94D2755917F13DCF00D56D3C /* Main.storyboard */ = {
			isa = PBXVariantGroup;
			children = (
				94D2755A17F13DCF00D56D3C /* Base */,
			);
			name = Main.storyboard;
			sourceTree = "<group>";
		};
		94D2756F17F13DCF00D56D3C /* InfoPlist.strings */ = {
			isa = PBXVariantGroup;
			children = (
				94D2757017F13DCF00D56D3C /* en */,
			);
			name = InfoPlist.strings;
			sourceTree = "<group>";
		};
/* End PBXVariantGroup section */

/* Begin XCBuildConfiguration section */
		94D2757417F13DCF00D56D3C /* Debug */ = {
			isa = XCBuildConfiguration;
			buildSettings = {
				ALWAYS_SEARCH_USER_PATHS = NO;
				ARCHS = "$(ARCHS_STANDARD_INCLUDING_64_BIT)";
				CLANG_CXX_LANGUAGE_STANDARD = "gnu++0x";
				CLANG_CXX_LIBRARY = "libc++";
				CLANG_ENABLE_MODULES = YES;
				CLANG_ENABLE_OBJC_ARC = YES;
				CLANG_WARN_BOOL_CONVERSION = YES;
				CLANG_WARN_CONSTANT_CONVERSION = YES;
				CLANG_WARN_DIRECT_OBJC_ISA_USAGE = YES_ERROR;
				CLANG_WARN_EMPTY_BODY = YES;
				CLANG_WARN_ENUM_CONVERSION = YES;
				CLANG_WARN_INT_CONVERSION = YES;
				CLANG_WARN_OBJC_ROOT_CLASS = YES_ERROR;
				CLANG_WARN__DUPLICATE_METHOD_MATCH = YES;
				"CODE_SIGN_IDENTITY[sdk=iphoneos*]" = "iPhone Developer";
				COPY_PHASE_STRIP = NO;
				GCC_C_LANGUAGE_STANDARD = gnu99;
				GCC_DYNAMIC_NO_PIC = NO;
				GCC_OPTIMIZATION_LEVEL = 0;
				GCC_PREPROCESSOR_DEFINITIONS = (
					"DEBUG=1",
					"$(inherited)",
				);
				GCC_SYMBOLS_PRIVATE_EXTERN = NO;
				GCC_WARN_64_TO_32_BIT_CONVERSION = YES;
				GCC_WARN_ABOUT_RETURN_TYPE = YES_ERROR;
				GCC_WARN_UNDECLARED_SELECTOR = YES;
				GCC_WARN_UNINITIALIZED_AUTOS = YES;
				GCC_WARN_UNUSED_FUNCTION = YES;
				GCC_WARN_UNUSED_VARIABLE = YES;
				IPHONEOS_DEPLOYMENT_TARGET = 7.0;
				ONLY_ACTIVE_ARCH = YES;
				SDKROOT = iphoneos;
			};
			name = Debug;
		};
		94D2757517F13DCF00D56D3C /* Release */ = {
			isa = XCBuildConfiguration;
			buildSettings = {
				ALWAYS_SEARCH_USER_PATHS = NO;
				ARCHS = "$(ARCHS_STANDARD_INCLUDING_64_BIT)";
				CLANG_CXX_LANGUAGE_STANDARD = "gnu++0x";
				CLANG_CXX_LIBRARY = "libc++";
				CLANG_ENABLE_MODULES = YES;
				CLANG_ENABLE_OBJC_ARC = YES;
				CLANG_WARN_BOOL_CONVERSION = YES;
				CLANG_WARN_CONSTANT_CONVERSION = YES;
				CLANG_WARN_DIRECT_OBJC_ISA_USAGE = YES_ERROR;
				CLANG_WARN_EMPTY_BODY = YES;
				CLANG_WARN_ENUM_CONVERSION = YES;
				CLANG_WARN_INT_CONVERSION = YES;
				CLANG_WARN_OBJC_ROOT_CLASS = YES_ERROR;
				CLANG_WARN__DUPLICATE_METHOD_MATCH = YES;
				"CODE_SIGN_IDENTITY[sdk=iphoneos*]" = "iPhone Developer";
				COPY_PHASE_STRIP = YES;
				ENABLE_NS_ASSERTIONS = NO;
				GCC_C_LANGUAGE_STANDARD = gnu99;
				GCC_WARN_64_TO_32_BIT_CONVERSION = YES;
				GCC_WARN_ABOUT_RETURN_TYPE = YES_ERROR;
				GCC_WARN_UNDECLARED_SELECTOR = YES;
				GCC_WARN_UNINITIALIZED_AUTOS = YES;
				GCC_WARN_UNUSED_FUNCTION = YES;
				GCC_WARN_UNUSED_VARIABLE = YES;
				IPHONEOS_DEPLOYMENT_TARGET = 7.0;
				SDKROOT = iphoneos;
				VALIDATE_PRODUCT = YES;
			};
			name = Release;
		};
		94D2757717F13DCF00D56D3C /* Debug */ = {
			isa = XCBuildConfiguration;
			buildSettings = {
				ASSETCATALOG_COMPILER_APPICON_NAME = AppIcon;
				ASSETCATALOG_COMPILER_LAUNCHIMAGE_NAME = LaunchImage;
				GCC_PRECOMPILE_PREFIX_HEADER = YES;
				GCC_PREFIX_HEADER = "CardMinder/CardMinder-Prefix.pch";
				INFOPLIST_FILE = "CardMinder/CardMinder-Info.plist";
				IPHONEOS_DEPLOYMENT_TARGET = 7.0;
				PRODUCT_NAME = "$(TARGET_NAME)";
				WRAPPER_EXTENSION = app;
			};
			name = Debug;
		};
		94D2757817F13DCF00D56D3C /* Release */ = {
			isa = XCBuildConfiguration;
			buildSettings = {
				ASSETCATALOG_COMPILER_APPICON_NAME = AppIcon;
				ASSETCATALOG_COMPILER_LAUNCHIMAGE_NAME = LaunchImage;
				GCC_PRECOMPILE_PREFIX_HEADER = YES;
				GCC_PREFIX_HEADER = "CardMinder/CardMinder-Prefix.pch";
				INFOPLIST_FILE = "CardMinder/CardMinder-Info.plist";
				IPHONEOS_DEPLOYMENT_TARGET = 7.0;
				PRODUCT_NAME = "$(TARGET_NAME)";
				WRAPPER_EXTENSION = app;
			};
			name = Release;
		};
		94D2757A17F13DCF00D56D3C /* Debug */ = {
			isa = XCBuildConfiguration;
			buildSettings = {
				ARCHS = "$(ARCHS_STANDARD_INCLUDING_64_BIT)";
				BUNDLE_LOADER = "$(BUILT_PRODUCTS_DIR)/CardMinder.app/CardMinder";
				FRAMEWORK_SEARCH_PATHS = (
					"$(SDKROOT)/Developer/Library/Frameworks",
					"$(inherited)",
					"$(DEVELOPER_FRAMEWORKS_DIR)",
				);
				GCC_PRECOMPILE_PREFIX_HEADER = YES;
				GCC_PREFIX_HEADER = "CardMinder/CardMinder-Prefix.pch";
				GCC_PREPROCESSOR_DEFINITIONS = (
					"DEBUG=1",
					"$(inherited)",
				);
				INFOPLIST_FILE = "CardMinderTests/CardMinderTests-Info.plist";
				PRODUCT_NAME = "$(TARGET_NAME)";
				TEST_HOST = "$(BUNDLE_LOADER)";
				WRAPPER_EXTENSION = xctest;
			};
			name = Debug;
		};
		94D2757B17F13DCF00D56D3C /* Release */ = {
			isa = XCBuildConfiguration;
			buildSettings = {
				ARCHS = "$(ARCHS_STANDARD_INCLUDING_64_BIT)";
				BUNDLE_LOADER = "$(BUILT_PRODUCTS_DIR)/CardMinder.app/CardMinder";
				FRAMEWORK_SEARCH_PATHS = (
					"$(SDKROOT)/Developer/Library/Frameworks",
					"$(inherited)",
					"$(DEVELOPER_FRAMEWORKS_DIR)",
				);
				GCC_PRECOMPILE_PREFIX_HEADER = YES;
				GCC_PREFIX_HEADER = "CardMinder/CardMinder-Prefix.pch";
				INFOPLIST_FILE = "CardMinderTests/CardMinderTests-Info.plist";
				PRODUCT_NAME = "$(TARGET_NAME)";
				TEST_HOST = "$(BUNDLE_LOADER)";
				WRAPPER_EXTENSION = xctest;
			};
			name = Release;
		};
/* End XCBuildConfiguration section */

/* Begin XCConfigurationList section */
		94D2753F17F13DCF00D56D3C /* Build configuration list for PBXProject "CardMinder" */ = {
			isa = XCConfigurationList;
			buildConfigurations = (
				94D2757417F13DCF00D56D3C /* Debug */,
				94D2757517F13DCF00D56D3C /* Release */,
			);
			defaultConfigurationIsVisible = 0;
			defaultConfigurationName = Release;
		};
		94D2757617F13DCF00D56D3C /* Build configuration list for PBXNativeTarget "CardMinder" */ = {
			isa = XCConfigurationList;
			buildConfigurations = (
				94D2757717F13DCF00D56D3C /* Debug */,
				94D2757817F13DCF00D56D3C /* Release */,
			);
			defaultConfigurationIsVisible = 0;
			defaultConfigurationName = Release;
		};
		94D2757917F13DCF00D56D3C /* Build configuration list for PBXNativeTarget "CardMinderTests" */ = {
			isa = XCConfigurationList;
			buildConfigurations = (
				94D2757A17F13DCF00D56D3C /* Debug */,
				94D2757B17F13DCF00D56D3C /* Release */,
			);
			defaultConfigurationIsVisible = 0;
			defaultConfigurationName = Release;
		};
/* End XCConfigurationList section */
	};
	rootObject = 94D2753C17F13DCF00D56D3C /* Project object */;
}
